
Microsoft Visual Studio Solution File, Format Version 12.00
# Visual Studio Version 16
VisualStudioVersion = 16.0.29806.167
MinimumVisualStudioVersion = 10.0.40219.1
Project("{9A19103F-16F7-4668-BE54-9A1E7A4F7556}") = "BlazorMovies.Server", "BlazorMovies\Server\BlazorMovies.Server.csproj", "{F1AC1148-A30B-4394-BBEB-7673B4D46941}"
EndProject
Project("{9A19103F-16F7-4668-BE54-9A1E7A4F7556}") = "BlazorMovies.Client", "BlazorMovies\Client\BlazorMovies.Client.csproj", "{DD7BC339-F5A6-4556-B154-C2CE40DA3376}"
EndProject
Project("{9A19103F-16F7-4668-BE54-9A1E7A4F7556}") = "BlazorMovies.Shared", "BlazorMovies\Shared\BlazorMovies.Shared.csproj", "{EFC341D9-EB1C-4459-A270-89931BD77527}"
EndProject
Global
	GlobalSection(SolutionConfigurationPlatforms) = preSolution
		Debug|Any CPU = Debug|Any CPU
		Release|Any CPU = Release|Any CPU
	EndGlobalSection
	GlobalSection(ProjectConfigurationPlatforms) = postSolution
		{F1AC1148-A30B-4394-BBEB-7673B4D46941}.Debug|Any CPU.ActiveCfg = Debug|Any CPU
		{F1AC1148-A30B-4394-BBEB-7673B4D46941}.Debug|Any CPU.Build.0 = Debug|Any CPU
		{F1AC1148-A30B-4394-BBEB-7673B4D46941}.Release|Any CPU.ActiveCfg = Release|Any CPU
		{F1AC1148-A30B-4394-BBEB-7673B4D46941}.Release|Any CPU.Build.0 = Release|Any CPU
		{DD7BC339-F5A6-4556-B154-C2CE40DA3376}.Debug|Any CPU.ActiveCfg = Debug|Any CPU
		{DD7BC339-F5A6-4556-B154-C2CE40DA3376}.Debug|Any CPU.Build.0 = Debug|Any CPU
		{DD7BC339-F5A6-4556-B154-C2CE40DA3376}.Release|Any CPU.ActiveCfg = Release|Any CPU
		{DD7BC339-F5A6-4556-B154-C2CE40DA3376}.Release|Any CPU.Build.0 = Release|Any CPU
		{EFC341D9-EB1C-4459-A270-89931BD77527}.Debug|Any CPU.ActiveCfg = Debug|Any CPU
		{EFC341D9-EB1C-4459-A270-89931BD77527}.Debug|Any CPU.Build.0 = Debug|Any CPU
		{EFC341D9-EB1C-4459-A270-89931BD77527}.Release|Any CPU.ActiveCfg = Release|Any CPU
		{EFC341D9-EB1C-4459-A270-89931BD77527}.Release|Any CPU.Build.0 = Release|Any CPU
	EndGlobalSection
	GlobalSection(SolutionProperties) = preSolution
		HideSolutionNode = FALSE
	EndGlobalSection
	GlobalSection(ExtensibilityGlobals) = postSolution
		SolutionGuid = {7DAD4BC3-9F27-4E44-A4E6-ADCC8B7471D2}
	EndGlobalSection
EndGlobal
